
Microsoft Visual Studio Solution File, Format Version 12.00
# Visual Studio 15
VisualStudioVersion = 15.0.27703.2042
MinimumVisualStudioVersion = 10.0.40219.1
Project("{FAE04EC0-301F-11D3-BF4B-00C04F79EFBC}") = "bat_default_exe", "bat_default_exe\bat_default_exe.csproj", "{5AA1422A-52C1-4A15-92C3-9867E92FC9C2}"
EndProject
Global
	GlobalSection(SolutionConfigurationPlatforms) = preSolution
		Debug|Any CPU = Debug|Any CPU
		Release|Any CPU = Release|Any CPU
	EndGlobalSection
	GlobalSection(ProjectConfigurationPlatforms) = postSolution
		{5AA1422A-52C1-4A15-92C3-9867E92FC9C2}.Debug|Any CPU.ActiveCfg = Debug|Any CPU
		{5AA1422A-52C1-4A15-92C3-9867E92FC9C2}.Debug|Any CPU.Build.0 = Debug|Any CPU
		{5AA1422A-52C1-4A15-92C3-9867E92FC9C2}.Release|Any CPU.ActiveCfg = Release|Any CPU
		{5AA1422A-52C1-4A15-92C3-9867E92FC9C2}.Release|Any CPU.Build.0 = Release|Any CPU
	EndGlobalSection
	GlobalSection(SolutionProperties) = preSolution
		HideSolutionNode = FALSE
	EndGlobalSection
	GlobalSection(ExtensibilityGlobals) = postSolution
		SolutionGuid = {8AB74496-FF4E-4F37-8B71-ABC994DA3D8E}
	EndGlobalSection
EndGlobal
